
Microsoft Visual Studio Solution File, Format Version 12.00
# Visual Studio Version 16
VisualStudioVersion = 16.0.31515.178
MinimumVisualStudioVersion = 10.0.40219.1
Project("{FAE04EC0-301F-11D3-BF4B-00C04F79EFBC}") = "McvProjeKampi", "McvProjeKampi1\McvProjeKampi.csproj", "{ADA46861-DBB6-4713-8B32-D8D147835677}"
EndProject
Project("{FAE04EC0-301F-11D3-BF4B-00C04F79EFBC}") = "EntityLayer", "EntityLayer\EntityLayer.csproj", "{E9D25425-FB9F-4347-89B5-69507E65A74E}"
EndProject
Project("{FAE04EC0-301F-11D3-BF4B-00C04F79EFBC}") = "DataAccessLayer", "DataAccessLayer\DataAccessLayer.csproj", "{4B8EF99B-BD23-4865-904B-B527B20EF21E}"
EndProject
Project("{FAE04EC0-301F-11D3-BF4B-00C04F79EFBC}") = "BusinessLayer", "BusinessLayer\BusinessLayer.csproj", "{62DD2D72-9F63-4485-BA4D-D987E818F35E}"
EndProject
Global
	GlobalSection(SolutionConfigurationPlatforms) = preSolution
		Debug|Any CPU = Debug|Any CPU
		Release|Any CPU = Release|Any CPU
	EndGlobalSection
	GlobalSection(ProjectConfigurationPlatforms) = postSolution
		{ADA46861-DBB6-4713-8B32-D8D147835677}.Debug|Any CPU.ActiveCfg = Debug|Any CPU
		{ADA46861-DBB6-4713-8B32-D8D147835677}.Debug|Any CPU.Build.0 = Debug|Any CPU
		{ADA46861-DBB6-4713-8B32-D8D147835677}.Release|Any CPU.ActiveCfg = Release|Any CPU
		{ADA46861-DBB6-4713-8B32-D8D147835677}.Release|Any CPU.Build.0 = Release|Any CPU
		{E9D25425-FB9F-4347-89B5-69507E65A74E}.Debug|Any CPU.ActiveCfg = Debug|Any CPU
		{E9D25425-FB9F-4347-89B5-69507E65A74E}.Debug|Any CPU.Build.0 = Debug|Any CPU
		{E9D25425-FB9F-4347-89B5-69507E65A74E}.Release|Any CPU.ActiveCfg = Release|Any CPU
		{E9D25425-FB9F-4347-89B5-69507E65A74E}.Release|Any CPU.Build.0 = Release|Any CPU
		{4B8EF99B-BD23-4865-904B-B527B20EF21E}.Debug|Any CPU.ActiveCfg = Debug|Any CPU
		{4B8EF99B-BD23-4865-904B-B527B20EF21E}.Debug|Any CPU.Build.0 = Debug|Any CPU
		{4B8EF99B-BD23-4865-904B-B527B20EF21E}.Release|Any CPU.ActiveCfg = Release|Any CPU
		{4B8EF99B-BD23-4865-904B-B527B20EF21E}.Release|Any CPU.Build.0 = Release|Any CPU
		{62DD2D72-9F63-4485-BA4D-D987E818F35E}.Debug|Any CPU.ActiveCfg = Debug|Any CPU
		{62DD2D72-9F63-4485-BA4D-D987E818F35E}.Debug|Any CPU.Build.0 = Debug|Any CPU
		{62DD2D72-9F63-4485-BA4D-D987E818F35E}.Release|Any CPU.ActiveCfg = Release|Any CPU
		{62DD2D72-9F63-4485-BA4D-D987E818F35E}.Release|Any CPU.Build.0 = Release|Any CPU
	EndGlobalSection
	GlobalSection(SolutionProperties) = preSolution
		HideSolutionNode = FALSE
	EndGlobalSection
	GlobalSection(ExtensibilityGlobals) = postSolution
		SolutionGuid = {ACD25E31-A3D0-4868-AE3D-0507A852C21A}
	EndGlobalSection
EndGlobal
